
Microsoft Visual Studio Solution File, Format Version 12.00
# Visual Studio Version 17
VisualStudioVersion = 17.0.32126.317
MinimumVisualStudioVersion = 10.0.40219.1
Project("{FAE04EC0-301F-11D3-BF4B-00C04F79EFBC}") = "AccesModifiersTask", "AccesModifiersTask\AccesModifiersTask.csproj", "{9852CAA5-3C26-4D71-B3E2-67F8569DE2AF}"
EndProject
Global
	GlobalSection(SolutionConfigurationPlatforms) = preSolution
		Debug|Any CPU = Debug|Any CPU
		Release|Any CPU = Release|Any CPU
	EndGlobalSection
	GlobalSection(ProjectConfigurationPlatforms) = postSolution
		{9852CAA5-3C26-4D71-B3E2-67F8569DE2AF}.Debug|Any CPU.ActiveCfg = Debug|Any CPU
		{9852CAA5-3C26-4D71-B3E2-67F8569DE2AF}.Debug|Any CPU.Build.0 = Debug|Any CPU
		{9852CAA5-3C26-4D71-B3E2-67F8569DE2AF}.Release|Any CPU.ActiveCfg = Release|Any CPU
		{9852CAA5-3C26-4D71-B3E2-67F8569DE2AF}.Release|Any CPU.Build.0 = Release|Any CPU
	EndGlobalSection
	GlobalSection(SolutionProperties) = preSolution
		HideSolutionNode = FALSE
	EndGlobalSection
	GlobalSection(ExtensibilityGlobals) = postSolution
		SolutionGuid = {FD894C6C-6157-4EDE-BE57-D3C0BEFFB8DA}
	EndGlobalSection
EndGlobal
